
Microsoft Visual Studio Solution File, Format Version 12.00
# Visual Studio Version 17
VisualStudioVersion = 17.5.002.0
MinimumVisualStudioVersion = 10.0.40219.1
Project("{9A19103F-16F7-4668-BE54-9A1E7A4F7556}") = "zadach_1", "zadacha_1\zadach_1.csproj", "{F2AEE58A-CE11-4144-BC3B-43E11027F3B7}"
EndProject
Project("{9A19103F-16F7-4668-BE54-9A1E7A4F7556}") = "zadach_2", "zadacha_2\zadach_2.csproj", "{577A1E4F-8D84-4F4A-8EC4-E35CD96AF9CD}"
EndProject
Project("{9A19103F-16F7-4668-BE54-9A1E7A4F7556}") = "zadach_3", "zadacha_3\zadach_3.csproj", "{7F561606-1956-409B-A20D-A77ACDA18992}"
EndProject
Project("{9A19103F-16F7-4668-BE54-9A1E7A4F7556}") = "zadach_4", "zadacha_4\zadach_4.csproj", "{B2AA6E60-664B-440A-B156-7580E3B1E958}"
EndProject
Global
	GlobalSection(SolutionConfigurationPlatforms) = preSolution
		Debug|Any CPU = Debug|Any CPU
		Release|Any CPU = Release|Any CPU
	EndGlobalSection
	GlobalSection(ProjectConfigurationPlatforms) = postSolution
		{F2AEE58A-CE11-4144-BC3B-43E11027F3B7}.Debug|Any CPU.ActiveCfg = Debug|Any CPU
		{F2AEE58A-CE11-4144-BC3B-43E11027F3B7}.Debug|Any CPU.Build.0 = Debug|Any CPU
		{F2AEE58A-CE11-4144-BC3B-43E11027F3B7}.Release|Any CPU.ActiveCfg = Release|Any CPU
		{F2AEE58A-CE11-4144-BC3B-43E11027F3B7}.Release|Any CPU.Build.0 = Release|Any CPU
		{577A1E4F-8D84-4F4A-8EC4-E35CD96AF9CD}.Debug|Any CPU.ActiveCfg = Debug|Any CPU
		{577A1E4F-8D84-4F4A-8EC4-E35CD96AF9CD}.Debug|Any CPU.Build.0 = Debug|Any CPU
		{577A1E4F-8D84-4F4A-8EC4-E35CD96AF9CD}.Release|Any CPU.ActiveCfg = Release|Any CPU
		{577A1E4F-8D84-4F4A-8EC4-E35CD96AF9CD}.Release|Any CPU.Build.0 = Release|Any CPU
		{7F561606-1956-409B-A20D-A77ACDA18992}.Debug|Any CPU.ActiveCfg = Debug|Any CPU
		{7F561606-1956-409B-A20D-A77ACDA18992}.Debug|Any CPU.Build.0 = Debug|Any CPU
		{7F561606-1956-409B-A20D-A77ACDA18992}.Release|Any CPU.ActiveCfg = Release|Any CPU
		{7F561606-1956-409B-A20D-A77ACDA18992}.Release|Any CPU.Build.0 = Release|Any CPU
		{B2AA6E60-664B-440A-B156-7580E3B1E958}.Debug|Any CPU.ActiveCfg = Debug|Any CPU
		{B2AA6E60-664B-440A-B156-7580E3B1E958}.Debug|Any CPU.Build.0 = Debug|Any CPU
		{B2AA6E60-664B-440A-B156-7580E3B1E958}.Release|Any CPU.ActiveCfg = Release|Any CPU
		{B2AA6E60-664B-440A-B156-7580E3B1E958}.Release|Any CPU.Build.0 = Release|Any CPU
	EndGlobalSection
	GlobalSection(SolutionProperties) = preSolution
		HideSolutionNode = FALSE
	EndGlobalSection
	GlobalSection(ExtensibilityGlobals) = postSolution
		SolutionGuid = {FBB99658-493A-4296-AA9E-D8F132C0624D}
	EndGlobalSection
EndGlobal
